
Microsoft Visual Studio Solution File, Format Version 12.00
# Visual Studio Version 17
VisualStudioVersion = 17.4.33205.214
MinimumVisualStudioVersion = 10.0.40219.1
Project("{9092AA53-FB77-4645-B42D-1CCCA6BD08BD}") = "Test", "Test\Test.njsproj", "{FA6FD332-1F67-4DE2-83D4-6C2B195C602F}"
EndProject
Global
	GlobalSection(SolutionConfigurationPlatforms) = preSolution
		Debug|Any CPU = Debug|Any CPU
		Release|Any CPU = Release|Any CPU
	EndGlobalSection
	GlobalSection(ProjectConfigurationPlatforms) = postSolution
		{FA6FD332-1F67-4DE2-83D4-6C2B195C602F}.Debug|Any CPU.ActiveCfg = Debug|Any CPU
		{FA6FD332-1F67-4DE2-83D4-6C2B195C602F}.Debug|Any CPU.Build.0 = Debug|Any CPU
		{FA6FD332-1F67-4DE2-83D4-6C2B195C602F}.Release|Any CPU.ActiveCfg = Release|Any CPU
		{FA6FD332-1F67-4DE2-83D4-6C2B195C602F}.Release|Any CPU.Build.0 = Release|Any CPU
	EndGlobalSection
	GlobalSection(SolutionProperties) = preSolution
		HideSolutionNode = FALSE
	EndGlobalSection
	GlobalSection(ExtensibilityGlobals) = postSolution
		SolutionGuid = {B866F378-3A9A-40B9-9C74-51BB1327B975}
	EndGlobalSection
EndGlobal
